// !$*UTF8*$!
{
	archiveVersion = 1;
	classes = {
	};
	objectVersion = 56;
	objects = {

/* Begin PBXBuildFile section */
		6153AA6B29F59AD400D0CE4E /* calculadora.swift in Sources */ = {isa = PBXBuildFile; fileRef = 6153AA6A29F59AD400D0CE4E /* calculadora.swift */; };
		6153AA6D29F59BE200D0CE4E /* Libs.swift in Sources */ = {isa = PBXBuildFile; fileRef = 6153AA6C29F59BE200D0CE4E /* Libs.swift */; };
		A29822D829E47C5B00855C48 /* emilianoClaseLaloApp.swift in Sources */ = {isa = PBXBuildFile; fileRef = A29822D729E47C5B00855C48 /* emilianoClaseLaloApp.swift */; };
		A29822DA29E47C5B00855C48 /* ContentView.swift in Sources */ = {isa = PBXBuildFile; fileRef = A29822D929E47C5B00855C48 /* ContentView.swift */; };
		A29822DC29E47C5C00855C48 /* Assets.xcassets in Resources */ = {isa = PBXBuildFile; fileRef = A29822DB29E47C5C00855C48 /* Assets.xcassets */; };
		A29822DF29E47C5C00855C48 /* Preview Assets.xcassets in Resources */ = {isa = PBXBuildFile; fileRef = A29822DE29E47C5C00855C48 /* Preview Assets.xcassets */; };
		A29822E629E47C7A00855C48 /* operacionesVista.swift in Sources */ = {isa = PBXBuildFile; fileRef = A29822E529E47C7A00855C48 /* operacionesVista.swift */; };
		A29822E829E47E2500855C48 /* calculadoraIos.swift in Sources */ = {isa = PBXBuildFile; fileRef = A29822E729E47E2500855C48 /* calculadoraIos.swift */; };
/* End PBXBuildFile section */

/* Begin PBXFileReference section */
		6153AA6A29F59AD400D0CE4E /* calculadora.swift */ = {isa = PBXFileReference; lastKnownFileType = sourcecode.swift; path = calculadora.swift; sourceTree = "<group>"; };
		6153AA6C29F59BE200D0CE4E /* Libs.swift */ = {isa = PBXFileReference; lastKnownFileType = sourcecode.swift; path = Libs.swift; sourceTree = "<group>"; };
		A29822D429E47C5B00855C48 /* emilianoClaseLalo.app */ = {isa = PBXFileReference; explicitFileType = wrapper.application; includeInIndex = 0; path = emilianoClaseLalo.app; sourceTree = BUILT_PRODUCTS_DIR; };
		A29822D729E47C5B00855C48 /* emilianoClaseLaloApp.swift */ = {isa = PBXFileReference; lastKnownFileType = sourcecode.swift; path = emilianoClaseLaloApp.swift; sourceTree = "<group>"; };
		A29822D929E47C5B00855C48 /* ContentView.swift */ = {isa = PBXFileReference; lastKnownFileType = sourcecode.swift; path = ContentView.swift; sourceTree = "<group>"; };
		A29822DB29E47C5C00855C48 /* Assets.xcassets */ = {isa = PBXFileReference; lastKnownFileType = folder.assetcatalog; path = Assets.xcassets; sourceTree = "<group>"; };
		A29822DE29E47C5C00855C48 /* Preview Assets.xcassets */ = {isa = PBXFileReference; lastKnownFileType = folder.assetcatalog; path = "Preview Assets.xcassets"; sourceTree = "<group>"; };
		A29822E529E47C7A00855C48 /* operacionesVista.swift */ = {isa = PBXFileReference; lastKnownFileType = sourcecode.swift; path = operacionesVista.swift; sourceTree = "<group>"; };
		A29822E729E47E2500855C48 /* calculadoraIos.swift */ = {isa = PBXFileReference; lastKnownFileType = sourcecode.swift; path = calculadoraIos.swift; sourceTree = "<group>"; };
/* End PBXFileReference section */

/* Begin PBXFrameworksBuildPhase section */
		A29822D129E47C5B00855C48 /* Frameworks */ = {
			isa = PBXFrameworksBuildPhase;
			buildActionMask = 2147483647;
			files = (
			);
			runOnlyForDeploymentPostprocessing = 0;
		};
/* End PBXFrameworksBuildPhase section */

/* Begin PBXGroup section */
		A29822CB29E47C5B00855C48 = {
			isa = PBXGroup;
			children = (
				A29822D629E47C5B00855C48 /* emilianoClaseLalo */,
				A29822D529E47C5B00855C48 /* Products */,
			);
			sourceTree = "<group>";
		};
		A29822D529E47C5B00855C48 /* Products */ = {
			isa = PBXGroup;
			children = (
				A29822D429E47C5B00855C48 /* emilianoClaseLalo.app */,
			);
			name = Products;
			sourceTree = "<group>";
		};
		A29822D629E47C5B00855C48 /* emilianoClaseLalo */ = {
			isa = PBXGroup;
			children = (
				A29822D729E47C5B00855C48 /* emilianoClaseLaloApp.swift */,
				A29822D929E47C5B00855C48 /* ContentView.swift */,
				A29822DB29E47C5C00855C48 /* Assets.xcassets */,
				A29822DD29E47C5C00855C48 /* Preview Content */,
				A29822E529E47C7A00855C48 /* operacionesVista.swift */,
				A29822E729E47E2500855C48 /* calculadoraIos.swift */,
				6153AA6C29F59BE200D0CE4E /* Libs.swift */,
				6153AA6A29F59AD400D0CE4E /* calculadora.swift */,
			);
			path = emilianoClaseLalo;
			sourceTree = "<group>";
		};
		A29822DD29E47C5C00855C48 /* Preview Content */ = {
			isa = PBXGroup;
			children = (
				A29822DE29E47C5C00855C48 /* Preview Assets.xcassets */,
			);
			path = "Preview Content";
			sourceTree = "<group>";
		};
/* End PBXGroup section */

/* Begin PBXNativeTarget section */
		A29822D329E47C5B00855C48 /* emilianoClaseLalo */ = {
			isa = PBXNativeTarget;
			buildConfigurationList = A29822E229E47C5C00855C48 /* Build configuration list for PBXNativeTarget "emilianoClaseLalo" */;
			buildPhases = (
				A29822D029E47C5B00855C48 /* Sources */,
				A29822D129E47C5B00855C48 /* Frameworks */,
				A29822D229E47C5B00855C48 /* Resources */,
			);
			buildRules = (
			);
			dependencies = (
			);
			name = emilianoClaseLalo;
			productName = emilianoClaseLalo;
			productReference = A29822D429E47C5B00855C48 /* emilianoClaseLalo.app */;
			productType = "com.apple.product-type.application";
		};
/* End PBXNativeTarget section */

/* Begin PBXProject section */
		A29822CC29E47C5B00855C48 /* Project object */ = {
			isa = PBXProject;
			attributes = {
				BuildIndependentTargetsInParallel = 1;
				LastSwiftUpdateCheck = 1420;
				LastUpgradeCheck = 1420;
				TargetAttributes = {
					A29822D329E47C5B00855C48 = {
						CreatedOnToolsVersion = 14.2;
					};
				};
			};
			buildConfigurationList = A29822CF29E47C5B00855C48 /* Build configuration list for PBXProject "emilianoClaseLalo" */;
			compatibilityVersion = "Xcode 14.0";
			developmentRegion = en;
			hasScannedForEncodings = 0;
			knownRegions = (
				en,
				Base,
			);
			mainGroup = A29822CB29E47C5B00855C48;
			productRefGroup = A29822D529E47C5B00855C48 /* Products */;
			projectDirPath = "";
			projectRoot = "";
			targets = (
				A29822D329E47C5B00855C48 /* emilianoClaseLalo */,
			);
		};
/* End PBXProject section */

/* Begin PBXResourcesBuildPhase section */
		A29822D229E47C5B00855C48 /* Resources */ = {
			isa = PBXResourcesBuildPhase;
			buildActionMask = 2147483647;
			files = (
				A29822DF29E47C5C00855C48 /* Preview Assets.xcassets in Resources */,
				A29822DC29E47C5C00855C48 /* Assets.xcassets in Resources */,
			);
			runOnlyForDeploymentPostprocessing = 0;
		};
/* End PBXResourcesBuildPhase section */

/* Begin PBXSourcesBuildPhase section */
		A29822D029E47C5B00855C48 /* Sources */ = {
			isa = PBXSourcesBuildPhase;
			buildActionMask = 2147483647;
			files = (
				A29822E629E47C7A00855C48 /* operacionesVista.swift in Sources */,
				6153AA6B29F59AD400D0CE4E /* calculadora.swift in Sources */,
				A29822E829E47E2500855C48 /* calculadoraIos.swift in Sources */,
				6153AA6D29F59BE200D0CE4E /* Libs.swift in Sources */,
				A29822DA29E47C5B00855C48 /* ContentView.swift in Sources */,
				A29822D829E47C5B00855C48 /* emilianoClaseLaloApp.swift in Sources */,
			);
			runOnlyForDeploymentPostprocessing = 0;
		};
/* End PBXSourcesBuildPhase section */

/* Begin XCBuildConfiguration section */
		A29822E029E47C5C00855C48 /* Debug */ = {
			isa = XCBuildConfiguration;
			buildSettings = {
				ALWAYS_SEARCH_USER_PATHS = NO;
				CLANG_ANALYZER_NONNULL = YES;
				CLANG_ANALYZER_NUMBER_OBJECT_CONVERSION = YES_AGGRESSIVE;
				CLANG_CXX_LANGUAGE_STANDARD = "gnu++20";
				CLANG_ENABLE_MODULES = YES;
				CLANG_ENABLE_OBJC_ARC = YES;
				CLANG_ENABLE_OBJC_WEAK = YES;
				CLANG_WARN_BLOCK_CAPTURE_AUTORELEASING = YES;
				CLANG_WARN_BOOL_CONVERSION = YES;
				CLANG_WARN_COMMA = YES;
				CLANG_WARN_CONSTANT_CONVERSION = YES;
				CLANG_WARN_DEPRECATED_OBJC_IMPLEMENTATIONS = YES;
				CLANG_WARN_DIRECT_OBJC_ISA_USAGE = YES_ERROR;
				CLANG_WARN_DOCUMENTATION_COMMENTS = YES;
				CLANG_WARN_EMPTY_BODY = YES;
				CLANG_WARN_ENUM_CONVERSION = YES;
				CLANG_WARN_INFINITE_RECURSION = YES;
				CLANG_WARN_INT_CONVERSION = YES;
				CLANG_WARN_NON_LITERAL_NULL_CONVERSION = YES;
				CLANG_WARN_OBJC_IMPLICIT_RETAIN_SELF = YES;
				CLANG_WARN_OBJC_LITERAL_CONVERSION = YES;
				CLANG_WARN_OBJC_ROOT_CLASS = YES_ERROR;
				CLANG_WARN_QUOTED_INCLUDE_IN_FRAMEWORK_HEADER = YES;
				CLANG_WARN_RANGE_LOOP_ANALYSIS = YES;
				CLANG_WARN_STRICT_PROTOTYPES = YES;
				CLANG_WARN_SUSPICIOUS_MOVE = YES;
				CLANG_WARN_UNGUARDED_AVAILABILITY = YES_AGGRESSIVE;
				CLANG_WARN_UNREACHABLE_CODE = YES;
				CLANG_WARN__DUPLICATE_METHOD_MATCH = YES;
				COPY_PHASE_STRIP = NO;
				DEBUG_INFORMATION_FORMAT = dwarf;
				ENABLE_STRICT_OBJC_MSGSEND = YES;
				ENABLE_TESTABILITY = YES;
				GCC_C_LANGUAGE_STANDARD = gnu11;
				GCC_DYNAMIC_NO_PIC = NO;
				GCC_NO_COMMON_BLOCKS = YES;
				GCC_OPTIMIZATION_LEVEL = 0;
				GCC_PREPROCESSOR_DEFINITIONS = (
					"DEBUG=1",
					"$(inherited)",
				);
				GCC_WARN_64_TO_32_BIT_CONVERSION = YES;
				GCC_WARN_ABOUT_RETURN_TYPE = YES_ERROR;
				GCC_WARN_UNDECLARED_SELECTOR = YES;
				GCC_WARN_UNINITIALIZED_AUTOS = YES_AGGRESSIVE;
				GCC_WARN_UNUSED_FUNCTION = YES;
				GCC_WARN_UNUSED_VARIABLE = YES;
				IPHONEOS_DEPLOYMENT_TARGET = 16.2;
				MTL_ENABLE_DEBUG_INFO = INCLUDE_SOURCE;
				MTL_FAST_MATH = YES;
				ONLY_ACTIVE_ARCH = YES;
				SDKROOT = iphoneos;
				SWIFT_ACTIVE_COMPILATION_CONDITIONS = DEBUG;
				SWIFT_OPTIMIZATION_LEVEL = "-Onone";
			};
			name = Debug;
		};
		A29822E129E47C5C00855C48 /* Release */ = {
			isa = XCBuildConfiguration;
			buildSettings = {
				ALWAYS_SEARCH_USER_PATHS = NO;
				CLANG_ANALYZER_NONNULL = YES;
				CLANG_ANALYZER_NUMBER_OBJECT_CONVERSION = YES_AGGRESSIVE;
				CLANG_CXX_LANGUAGE_STANDARD = "gnu++20";
				CLANG_ENABLE_MODULES = YES;
				CLANG_ENABLE_OBJC_ARC = YES;
				CLANG_ENABLE_OBJC_WEAK = YES;
				CLANG_WARN_BLOCK_CAPTURE_AUTORELEASING = YES;
				CLANG_WARN_BOOL_CONVERSION = YES;
				CLANG_WARN_COMMA = YES;
				CLANG_WARN_CONSTANT_CONVERSION = YES;
				CLANG_WARN_DEPRECATED_OBJC_IMPLEMENTATIONS = YES;
				CLANG_WARN_DIRECT_OBJC_ISA_USAGE = YES_ERROR;
				CLANG_WARN_DOCUMENTATION_COMMENTS = YES;
				CLANG_WARN_EMPTY_BODY = YES;
				CLANG_WARN_ENUM_CONVERSION = YES;
				CLANG_WARN_INFINITE_RECURSION = YES;
				CLANG_WARN_INT_CONVERSION = YES;
				CLANG_WARN_NON_LITERAL_NULL_CONVERSION = YES;
				CLANG_WARN_OBJC_IMPLICIT_RETAIN_SELF = YES;
				CLANG_WARN_OBJC_LITERAL_CONVERSION = YES;
				CLANG_WARN_OBJC_ROOT_CLASS = YES_ERROR;
				CLANG_WARN_QUOTED_INCLUDE_IN_FRAMEWORK_HEADER = YES;
				CLANG_WARN_RANGE_LOOP_ANALYSIS = YES;
				CLANG_WARN_STRICT_PROTOTYPES = YES;
				CLANG_WARN_SUSPICIOUS_MOVE = YES;
				CLANG_WARN_UNGUARDED_AVAILABILITY = YES_AGGRESSIVE;
				CLANG_WARN_UNREACHABLE_CODE = YES;
				CLANG_WARN__DUPLICATE_METHOD_MATCH = YES;
				COPY_PHASE_STRIP = NO;
				DEBUG_INFORMATION_FORMAT = "dwarf-with-dsym";
				ENABLE_NS_ASSERTIONS = NO;
				ENABLE_STRICT_OBJC_MSGSEND = YES;
				GCC_C_LANGUAGE_STANDARD = gnu11;
				GCC_NO_COMMON_BLOCKS = YES;
				GCC_WARN_64_TO_32_BIT_CONVERSION = YES;
				GCC_WARN_ABOUT_RETURN_TYPE = YES_ERROR;
				GCC_WARN_UNDECLARED_SELECTOR = YES;
				GCC_WARN_UNINITIALIZED_AUTOS = YES_AGGRESSIVE;
				GCC_WARN_UNUSED_FUNCTION = YES;
				GCC_WARN_UNUSED_VARIABLE = YES;
				IPHONEOS_DEPLOYMENT_TARGET = 16.2;
				MTL_ENABLE_DEBUG_INFO = NO;
				MTL_FAST_MATH = YES;
				SDKROOT = iphoneos;
				SWIFT_COMPILATION_MODE = wholemodule;
				SWIFT_OPTIMIZATION_LEVEL = "-O";
				VALIDATE_PRODUCT = YES;
			};
			name = Release;
		};
		A29822E329E47C5C00855C48 /* Debug */ = {
			isa = XCBuildConfiguration;
			buildSettings = {
				ASSETCATALOG_COMPILER_APPICON_NAME = AppIcon;
				ASSETCATALOG_COMPILER_GLOBAL_ACCENT_COLOR_NAME = AccentColor;
				CODE_SIGN_STYLE = Automatic;
				CURRENT_PROJECT_VERSION = 1;
				DEVELOPMENT_ASSET_PATHS = "\"emilianoClaseLalo/Preview Content\"";
				ENABLE_PREVIEWS = YES;
				GENERATE_INFOPLIST_FILE = YES;
				INFOPLIST_KEY_UIApplicationSceneManifest_Generation = YES;
				INFOPLIST_KEY_UIApplicationSupportsIndirectInputEvents = YES;
				INFOPLIST_KEY_UILaunchScreen_Generation = YES;
				INFOPLIST_KEY_UISupportedInterfaceOrientations_iPad = "UIInterfaceOrientationPortrait UIInterfaceOrientationPortraitUpsideDown UIInterfaceOrientationLandscapeLeft UIInterfaceOrientationLandscapeRight";
				INFOPLIST_KEY_UISupportedInterfaceOrientations_iPhone = "UIInterfaceOrientationPortrait UIInterfaceOrientationLandscapeLeft UIInterfaceOrientationLandscapeRight";
				LD_RUNPATH_SEARCH_PATHS = (
					"$(inherited)",
					"@executable_path/Frameworks",
				);
				MARKETING_VERSION = 1.0;
				PRODUCT_BUNDLE_IDENTIFIER = emimed.emilianoClaseLalo;
				PRODUCT_NAME = "$(TARGET_NAME)";
				SUPPORTED_PLATFORMS = "iphoneos iphonesimulator macosx";
				SUPPORTS_MACCATALYST = NO;
				SUPPORTS_MAC_DESIGNED_FOR_IPHONE_IPAD = NO;
				SWIFT_EMIT_LOC_STRINGS = YES;
				SWIFT_VERSION = 5.0;
				TARGETED_DEVICE_FAMILY = "1,2";
			};
			name = Debug;
		};
		A29822E429E47C5C00855C48 /* Release */ = {
			isa = XCBuildConfiguration;
			buildSettings = {
				ASSETCATALOG_COMPILER_APPICON_NAME = AppIcon;
				ASSETCATALOG_COMPILER_GLOBAL_ACCENT_COLOR_NAME = AccentColor;
				CODE_SIGN_STYLE = Automatic;
				CURRENT_PROJECT_VERSION = 1;
				DEVELOPMENT_ASSET_PATHS = "\"emilianoClaseLalo/Preview Content\"";
				ENABLE_PREVIEWS = YES;
				GENERATE_INFOPLIST_FILE = YES;
				INFOPLIST_KEY_UIApplicationSceneManifest_Generation = YES;
				INFOPLIST_KEY_UIApplicationSupportsIndirectInputEvents = YES;
				INFOPLIST_KEY_UILaunchScreen_Generation = YES;
				INFOPLIST_KEY_UISupportedInterfaceOrientations_iPad = "UIInterfaceOrientationPortrait UIInterfaceOrientationPortraitUpsideDown UIInterfaceOrientationLandscapeLeft UIInterfaceOrientationLandscapeRight";
				INFOPLIST_KEY_UISupportedInterfaceOrientations_iPhone = "UIInterfaceOrientationPortrait UIInterfaceOrientationLandscapeLeft UIInterfaceOrientationLandscapeRight";
				LD_RUNPATH_SEARCH_PATHS = (
					"$(inherited)",
					"@executable_path/Frameworks",
				);
				MARKETING_VERSION = 1.0;
				PRODUCT_BUNDLE_IDENTIFIER = emimed.emilianoClaseLalo;
				PRODUCT_NAME = "$(TARGET_NAME)";
				SUPPORTED_PLATFORMS = "iphoneos iphonesimulator macosx";
				SUPPORTS_MACCATALYST = NO;
				SUPPORTS_MAC_DESIGNED_FOR_IPHONE_IPAD = NO;
				SWIFT_EMIT_LOC_STRINGS = YES;
				SWIFT_VERSION = 5.0;
				TARGETED_DEVICE_FAMILY = "1,2";
			};
			name = Release;
		};
/* End XCBuildConfiguration section */

/* Begin XCConfigurationList section */
		A29822CF29E47C5B00855C48 /* Build configuration list for PBXProject "emilianoClaseLalo" */ = {
			isa = XCConfigurationList;
			buildConfigurations = (
				A29822E029E47C5C00855C48 /* Debug */,
				A29822E129E47C5C00855C48 /* Release */,
			);
			defaultConfigurationIsVisible = 0;
			defaultConfigurationName = Release;
		};
		A29822E229E47C5C00855C48 /* Build configuration list for PBXNativeTarget "emilianoClaseLalo" */ = {
			isa = XCConfigurationList;
			buildConfigurations = (
				A29822E329E47C5C00855C48 /* Debug */,
				A29822E429E47C5C00855C48 /* Release */,
			);
			defaultConfigurationIsVisible = 0;
			defaultConfigurationName = Release;
		};
/* End XCConfigurationList section */
	};
	rootObject = A29822CC29E47C5B00855C48 /* Project object */;
}
